
Microsoft Visual Studio Solution File, Format Version 12.00
# Visual Studio Version 16
VisualStudioVersion = 16.0.31019.35
MinimumVisualStudioVersion = 10.0.40219.1
Project("{2150E333-8FDC-42A3-9474-1A3956D46DE8}") = "Iterations", "Iterations", "{51D47F81-2ADA-4050-A7BD-87397976AA97}"
EndProject
Project("{2150E333-8FDC-42A3-9474-1A3956D46DE8}") = "Arrays", "Arrays", "{2F8EFA93-5386-4FB1-9C12-DF44ACD08E74}"
EndProject
Project("{2150E333-8FDC-42A3-9474-1A3956D46DE8}") = "TimeComplexity", "TimeComplexity", "{F7623AA8-7FB3-4EBD-92AC-1EE600E03DB4}"
EndProject
Project("{2150E333-8FDC-42A3-9474-1A3956D46DE8}") = "CountingElements", "CountingElements", "{1FE098B5-C377-40E3-9039-2A27E67BA561}"
EndProject
Project("{2150E333-8FDC-42A3-9474-1A3956D46DE8}") = "PrefixSums", "PrefixSums", "{B20537F3-5911-4586-94C9-90857F1F0919}"
EndProject
Project("{2150E333-8FDC-42A3-9474-1A3956D46DE8}") = "Sorting", "Sorting", "{1232E179-9207-4CB2-81B1-6447A167C7A1}"
EndProject
Project("{2150E333-8FDC-42A3-9474-1A3956D46DE8}") = "StacksAndQueues", "StacksAndQueues", "{DC2BA726-FC3F-4097-AFED-CEB7E9BD46BB}"
EndProject
Project("{2150E333-8FDC-42A3-9474-1A3956D46DE8}") = "Leader", "Leader", "{15EDC910-3C20-4B0F-9FDC-32A8F0F4C5D2}"
EndProject
Project("{2150E333-8FDC-42A3-9474-1A3956D46DE8}") = "MaximumSliceProblem", "MaximumSliceProblem", "{1B82E063-78E4-4C62-86D8-6E512C5DD86E}"
EndProject
Project("{2150E333-8FDC-42A3-9474-1A3956D46DE8}") = "PrimeAndCompositeNumbers", "PrimeAndCompositeNumbers", "{C4BF44AD-BEB3-49F1-A3DC-31D83E82AA09}"
EndProject
Project("{2150E333-8FDC-42A3-9474-1A3956D46DE8}") = "SieveOfEratosthenes", "SieveOfEratosthenes", "{3679F702-D0D3-4E3F-A505-D303488269E9}"
EndProject
Project("{2150E333-8FDC-42A3-9474-1A3956D46DE8}") = "EuclideanAlgorithm", "EuclideanAlgorithm", "{952DD8F4-4628-4617-B3F2-0069B2E92BD7}"
EndProject
Project("{2150E333-8FDC-42A3-9474-1A3956D46DE8}") = "FibonacciNumbers", "FibonacciNumbers", "{886B7953-88B0-4E8D-AA3E-13FEA991D86B}"
EndProject
Project("{2150E333-8FDC-42A3-9474-1A3956D46DE8}") = "BinarySearchAlgorithm", "BinarySearchAlgorithm", "{A629DA6D-DDF4-48C5-AB5D-99D79090B58F}"
EndProject
Project("{2150E333-8FDC-42A3-9474-1A3956D46DE8}") = "CaterpillarMethod", "CaterpillarMethod", "{05326CD3-2FB5-4C02-85D2-24A24896FA81}"
EndProject
Project("{2150E333-8FDC-42A3-9474-1A3956D46DE8}") = "GreedyAlgorithms", "GreedyAlgorithms", "{9775B524-DD55-4541-963D-3F4A2416C5C8}"
EndProject
Project("{2150E333-8FDC-42A3-9474-1A3956D46DE8}") = "DynamicProgramming", "DynamicProgramming", "{736B5285-AE21-43B6-B679-0F24F8E19A86}"
EndProject
Project("{2150E333-8FDC-42A3-9474-1A3956D46DE8}") = "IndeedPrime2015Challenge", "IndeedPrime2015Challenge", "{B2FB239A-57C8-4B8E-8457-2548CA0EBAB1}"
EndProject
Project("{2150E333-8FDC-42A3-9474-1A3956D46DE8}") = "IndeedPrime2016Challenge", "IndeedPrime2016Challenge", "{3C20300F-2DC5-4BDB-848D-EB523EDA35E5}"
EndProject
Project("{2150E333-8FDC-42A3-9474-1A3956D46DE8}") = "IndeedPrime2016CollegeCodersChallenge", "IndeedPrime2016CollegeCodersChallenge", "{E6C836E6-F16A-4213-B104-BA9ADB5F3532}"
EndProject
Project("{2150E333-8FDC-42A3-9474-1A3956D46DE8}") = "FutureTraining", "FutureTraining", "{5526488C-4A04-4C1F-82D6-FF66946EC1AA}"
EndProject
Project("{9A19103F-16F7-4668-BE54-9A1E7A4F7556}") = "Codility.Iterations.BinaryGap", "Codility.Iterations.BinaryGap\Codility.Iterations.BinaryGap.csproj", "{70C9309D-9AA9-4129-844F-7775A3153F3D}"
EndProject
Project("{9A19103F-16F7-4668-BE54-9A1E7A4F7556}") = "Codility.Arrays.CyclicRotation", "Codility.Arrays.CyclicRotation\Codility.Arrays.CyclicRotation.csproj", "{B90AD2FF-81DA-4465-84F6-B6FCCCBC1F12}"
EndProject
Project("{9A19103F-16F7-4668-BE54-9A1E7A4F7556}") = "Codility.Arrays.OddOccurrencesInArray", "OddOccurrencesInArray\Codility.Arrays.OddOccurrencesInArray.csproj", "{C4F66C69-8B9C-436A-B910-1ED4B0712BFF}"
EndProject
Project("{9A19103F-16F7-4668-BE54-9A1E7A4F7556}") = "Codility.TimeComplexity.FrogJmp", "Codility.TimeComplexity.FrogJmp\Codility.TimeComplexity.FrogJmp.csproj", "{06883205-4374-4B5C-BED2-BCFCC42BE1A9}"
EndProject
Project("{9A19103F-16F7-4668-BE54-9A1E7A4F7556}") = "Codility.TimeComplexity.PermMissingElem", "Codility.TimeComplexity.PermMissingElem\Codility.TimeComplexity.PermMissingElem.csproj", "{0D08088E-0C31-45C2-B5BC-8F771F69EC69}"
EndProject
Project("{9A19103F-16F7-4668-BE54-9A1E7A4F7556}") = "Codility.TimeComplexity.TapeEquilibrium", "Codility.TimeComplexity.TapeEquilibrium\Codility.TimeComplexity.TapeEquilibrium.csproj", "{521EFEA5-7B26-44C3-B43B-FE811FF76EC8}"
EndProject
Project("{9A19103F-16F7-4668-BE54-9A1E7A4F7556}") = "Codility.CountingElements.FrogRiverOne", "Codility.CountingElements.FrogRiverOne\Codility.CountingElements.FrogRiverOne.csproj", "{12392A11-B35E-4C67-95BA-4392DFDF1BF6}"
EndProject
Project("{9A19103F-16F7-4668-BE54-9A1E7A4F7556}") = "Codility.CountingElements.PermCheck", "Codility.Arrays.PermCheck\Codility.CountingElements.PermCheck.csproj", "{3579D09B-1EF9-4474-B350-5B0D0A711D6D}"
EndProject
Project("{9A19103F-16F7-4668-BE54-9A1E7A4F7556}") = "Codility.PrefixSums.PassingCars", "Codility.PrefixSums.PassingCars\Codility.PrefixSums.PassingCars.csproj", "{EC9BCC24-2300-48F1-8F4D-85FC86FEABCC}"
EndProject
Project("{9A19103F-16F7-4668-BE54-9A1E7A4F7556}") = "Codility.Sorting.Distinct", "Codility.Sorting.Distinct\Codility.Sorting.Distinct.csproj", "{4E9F83FB-4BFE-428E-AAFD-97EDE41AF628}"
EndProject
Project("{9A19103F-16F7-4668-BE54-9A1E7A4F7556}") = "Codility.Sorting.MaxProductOfThree", "Codility.Sorting.MaxProductOfThree\Codility.Sorting.MaxProductOfThree.csproj", "{00E01D5C-C68D-4E8D-B5E2-59840B32E5E7}"
EndProject
Project("{9A19103F-16F7-4668-BE54-9A1E7A4F7556}") = "Codility.Sorting.Triangle", "Codility.Sorting.Triangle\Codility.Sorting.Triangle.csproj", "{269D5F8C-4B87-4A12-B6B5-13D658CBC99E}"
EndProject
Project("{9A19103F-16F7-4668-BE54-9A1E7A4F7556}") = "Codility.StackAndQueues.Brackets", "Codility.StackAndQueues.Brackets\Codility.StackAndQueues.Brackets.csproj", "{6F0049BF-BE0D-4A52-BC1A-241550D856C2}"
EndProject
Project("{9A19103F-16F7-4668-BE54-9A1E7A4F7556}") = "Codility.StacksAndQueues.Fish", "Codility.StacksAndQueues.Fish\Codility.StacksAndQueues.Fish.csproj", "{7BD65452-177F-4014-BCDD-E606504E9E44}"
EndProject
Project("{9A19103F-16F7-4668-BE54-9A1E7A4F7556}") = "Codility.StacksAndQueues.Nesting", "Codility.StacksAndQueues.Nesting\Codility.StacksAndQueues.Nesting.csproj", "{0F93FE67-3126-4F2E-B88C-4AE0E42E75C9}"
EndProject
Project("{9A19103F-16F7-4668-BE54-9A1E7A4F7556}") = "Codility.StacksAndQueues.StoneWall", "Codility.StacksAndQueues.StoneWall\Codility.StacksAndQueues.StoneWall.csproj", "{4FF104B0-F7B6-4D1C-831A-8EEE2E2E9D98}"
EndProject
Project("{FAE04EC0-301F-11D3-BF4B-00C04F79EFBC}") = "Codility.Leader.Dominator", "Codility.Leader.Dominator\Codility.Leader.Dominator.csproj", "{B7A93E8B-3845-49C4-BEFE-A68CF631969A}"
EndProject
Project("{FAE04EC0-301F-11D3-BF4B-00C04F79EFBC}") = "Codility.Leader.EquiLeader", "Codility.Leader.EquiLeader\Codility.Leader.EquiLeader.csproj", "{388C3BDC-CE36-4746-9A1D-B30155CDFF25}"
EndProject
Project("{FAE04EC0-301F-11D3-BF4B-00C04F79EFBC}") = "Codility.MaximumSliceProblem.MaxProfit", "Codility.MaximumSliceProblem.MaxProfit\Codility.MaximumSliceProblem.MaxProfit.csproj", "{32019287-2DCC-4DD8-83F6-932D7053392C}"
EndProject
Project("{FAE04EC0-301F-11D3-BF4B-00C04F79EFBC}") = "Codility.MaximumSliceProblem.MaxSliceSum", "Codility.MaximumSliceProblem.MaxSliceSum\Codility.MaximumSliceProblem.MaxSliceSum.csproj", "{1748954F-6137-49F3-B3BB-08FCCB62AAE8}"
EndProject
Project("{FAE04EC0-301F-11D3-BF4B-00C04F79EFBC}") = "Codility.PrimeAndCompositeNumbers.CountFactors", "Codility.PrimeAndCompositeNumbers.CountFactors\Codility.PrimeAndCompositeNumbers.CountFactors.csproj", "{90CE29EF-F650-4CBF-AC1F-FC052E0B78FF}"
EndProject
Global
	GlobalSection(SolutionConfigurationPlatforms) = preSolution
		Debug|Any CPU = Debug|Any CPU
		Release|Any CPU = Release|Any CPU
	EndGlobalSection
	GlobalSection(ProjectConfigurationPlatforms) = postSolution
		{70C9309D-9AA9-4129-844F-7775A3153F3D}.Debug|Any CPU.ActiveCfg = Debug|Any CPU
		{70C9309D-9AA9-4129-844F-7775A3153F3D}.Debug|Any CPU.Build.0 = Debug|Any CPU
		{70C9309D-9AA9-4129-844F-7775A3153F3D}.Release|Any CPU.ActiveCfg = Release|Any CPU
		{70C9309D-9AA9-4129-844F-7775A3153F3D}.Release|Any CPU.Build.0 = Release|Any CPU
		{B90AD2FF-81DA-4465-84F6-B6FCCCBC1F12}.Debug|Any CPU.ActiveCfg = Debug|Any CPU
		{B90AD2FF-81DA-4465-84F6-B6FCCCBC1F12}.Debug|Any CPU.Build.0 = Debug|Any CPU
		{B90AD2FF-81DA-4465-84F6-B6FCCCBC1F12}.Release|Any CPU.ActiveCfg = Release|Any CPU
		{B90AD2FF-81DA-4465-84F6-B6FCCCBC1F12}.Release|Any CPU.Build.0 = Release|Any CPU
		{C4F66C69-8B9C-436A-B910-1ED4B0712BFF}.Debug|Any CPU.ActiveCfg = Debug|Any CPU
		{C4F66C69-8B9C-436A-B910-1ED4B0712BFF}.Debug|Any CPU.Build.0 = Debug|Any CPU
		{C4F66C69-8B9C-436A-B910-1ED4B0712BFF}.Release|Any CPU.ActiveCfg = Release|Any CPU
		{C4F66C69-8B9C-436A-B910-1ED4B0712BFF}.Release|Any CPU.Build.0 = Release|Any CPU
		{06883205-4374-4B5C-BED2-BCFCC42BE1A9}.Debug|Any CPU.ActiveCfg = Debug|Any CPU
		{06883205-4374-4B5C-BED2-BCFCC42BE1A9}.Debug|Any CPU.Build.0 = Debug|Any CPU
		{06883205-4374-4B5C-BED2-BCFCC42BE1A9}.Release|Any CPU.ActiveCfg = Release|Any CPU
		{06883205-4374-4B5C-BED2-BCFCC42BE1A9}.Release|Any CPU.Build.0 = Release|Any CPU
		{0D08088E-0C31-45C2-B5BC-8F771F69EC69}.Debug|Any CPU.ActiveCfg = Debug|Any CPU
		{0D08088E-0C31-45C2-B5BC-8F771F69EC69}.Debug|Any CPU.Build.0 = Debug|Any CPU
		{0D08088E-0C31-45C2-B5BC-8F771F69EC69}.Release|Any CPU.ActiveCfg = Release|Any CPU
		{0D08088E-0C31-45C2-B5BC-8F771F69EC69}.Release|Any CPU.Build.0 = Release|Any CPU
		{521EFEA5-7B26-44C3-B43B-FE811FF76EC8}.Debug|Any CPU.ActiveCfg = Debug|Any CPU
		{521EFEA5-7B26-44C3-B43B-FE811FF76EC8}.Debug|Any CPU.Build.0 = Debug|Any CPU
		{521EFEA5-7B26-44C3-B43B-FE811FF76EC8}.Release|Any CPU.ActiveCfg = Release|Any CPU
		{521EFEA5-7B26-44C3-B43B-FE811FF76EC8}.Release|Any CPU.Build.0 = Release|Any CPU
		{12392A11-B35E-4C67-95BA-4392DFDF1BF6}.Debug|Any CPU.ActiveCfg = Debug|Any CPU
		{12392A11-B35E-4C67-95BA-4392DFDF1BF6}.Debug|Any CPU.Build.0 = Debug|Any CPU
		{12392A11-B35E-4C67-95BA-4392DFDF1BF6}.Release|Any CPU.ActiveCfg = Release|Any CPU
		{12392A11-B35E-4C67-95BA-4392DFDF1BF6}.Release|Any CPU.Build.0 = Release|Any CPU
		{3579D09B-1EF9-4474-B350-5B0D0A711D6D}.Debug|Any CPU.ActiveCfg = Debug|Any CPU
		{3579D09B-1EF9-4474-B350-5B0D0A711D6D}.Debug|Any CPU.Build.0 = Debug|Any CPU
		{3579D09B-1EF9-4474-B350-5B0D0A711D6D}.Release|Any CPU.ActiveCfg = Release|Any CPU
		{3579D09B-1EF9-4474-B350-5B0D0A711D6D}.Release|Any CPU.Build.0 = Release|Any CPU
		{EC9BCC24-2300-48F1-8F4D-85FC86FEABCC}.Debug|Any CPU.ActiveCfg = Debug|Any CPU
		{EC9BCC24-2300-48F1-8F4D-85FC86FEABCC}.Debug|Any CPU.Build.0 = Debug|Any CPU
		{EC9BCC24-2300-48F1-8F4D-85FC86FEABCC}.Release|Any CPU.ActiveCfg = Release|Any CPU
		{EC9BCC24-2300-48F1-8F4D-85FC86FEABCC}.Release|Any CPU.Build.0 = Release|Any CPU
		{4E9F83FB-4BFE-428E-AAFD-97EDE41AF628}.Debug|Any CPU.ActiveCfg = Debug|Any CPU
		{4E9F83FB-4BFE-428E-AAFD-97EDE41AF628}.Debug|Any CPU.Build.0 = Debug|Any CPU
		{4E9F83FB-4BFE-428E-AAFD-97EDE41AF628}.Release|Any CPU.ActiveCfg = Release|Any CPU
		{4E9F83FB-4BFE-428E-AAFD-97EDE41AF628}.Release|Any CPU.Build.0 = Release|Any CPU
		{00E01D5C-C68D-4E8D-B5E2-59840B32E5E7}.Debug|Any CPU.ActiveCfg = Debug|Any CPU
		{00E01D5C-C68D-4E8D-B5E2-59840B32E5E7}.Debug|Any CPU.Build.0 = Debug|Any CPU
		{00E01D5C-C68D-4E8D-B5E2-59840B32E5E7}.Release|Any CPU.ActiveCfg = Release|Any CPU
		{00E01D5C-C68D-4E8D-B5E2-59840B32E5E7}.Release|Any CPU.Build.0 = Release|Any CPU
		{269D5F8C-4B87-4A12-B6B5-13D658CBC99E}.Debug|Any CPU.ActiveCfg = Debug|Any CPU
		{269D5F8C-4B87-4A12-B6B5-13D658CBC99E}.Debug|Any CPU.Build.0 = Debug|Any CPU
		{269D5F8C-4B87-4A12-B6B5-13D658CBC99E}.Release|Any CPU.ActiveCfg = Release|Any CPU
		{269D5F8C-4B87-4A12-B6B5-13D658CBC99E}.Release|Any CPU.Build.0 = Release|Any CPU
		{6F0049BF-BE0D-4A52-BC1A-241550D856C2}.Debug|Any CPU.ActiveCfg = Debug|Any CPU
		{6F0049BF-BE0D-4A52-BC1A-241550D856C2}.Debug|Any CPU.Build.0 = Debug|Any CPU
		{6F0049BF-BE0D-4A52-BC1A-241550D856C2}.Release|Any CPU.ActiveCfg = Release|Any CPU
		{6F0049BF-BE0D-4A52-BC1A-241550D856C2}.Release|Any CPU.Build.0 = Release|Any CPU
		{7BD65452-177F-4014-BCDD-E606504E9E44}.Debug|Any CPU.ActiveCfg = Debug|Any CPU
		{7BD65452-177F-4014-BCDD-E606504E9E44}.Debug|Any CPU.Build.0 = Debug|Any CPU
		{7BD65452-177F-4014-BCDD-E606504E9E44}.Release|Any CPU.ActiveCfg = Release|Any CPU
		{7BD65452-177F-4014-BCDD-E606504E9E44}.Release|Any CPU.Build.0 = Release|Any CPU
		{0F93FE67-3126-4F2E-B88C-4AE0E42E75C9}.Debug|Any CPU.ActiveCfg = Debug|Any CPU
		{0F93FE67-3126-4F2E-B88C-4AE0E42E75C9}.Debug|Any CPU.Build.0 = Debug|Any CPU
		{0F93FE67-3126-4F2E-B88C-4AE0E42E75C9}.Release|Any CPU.ActiveCfg = Release|Any CPU
		{0F93FE67-3126-4F2E-B88C-4AE0E42E75C9}.Release|Any CPU.Build.0 = Release|Any CPU
		{4FF104B0-F7B6-4D1C-831A-8EEE2E2E9D98}.Debug|Any CPU.ActiveCfg = Debug|Any CPU
		{4FF104B0-F7B6-4D1C-831A-8EEE2E2E9D98}.Debug|Any CPU.Build.0 = Debug|Any CPU
		{4FF104B0-F7B6-4D1C-831A-8EEE2E2E9D98}.Release|Any CPU.ActiveCfg = Release|Any CPU
		{4FF104B0-F7B6-4D1C-831A-8EEE2E2E9D98}.Release|Any CPU.Build.0 = Release|Any CPU
		{B7A93E8B-3845-49C4-BEFE-A68CF631969A}.Debug|Any CPU.ActiveCfg = Debug|Any CPU
		{B7A93E8B-3845-49C4-BEFE-A68CF631969A}.Debug|Any CPU.Build.0 = Debug|Any CPU
		{B7A93E8B-3845-49C4-BEFE-A68CF631969A}.Release|Any CPU.ActiveCfg = Release|Any CPU
		{B7A93E8B-3845-49C4-BEFE-A68CF631969A}.Release|Any CPU.Build.0 = Release|Any CPU
		{388C3BDC-CE36-4746-9A1D-B30155CDFF25}.Debug|Any CPU.ActiveCfg = Debug|Any CPU
		{388C3BDC-CE36-4746-9A1D-B30155CDFF25}.Debug|Any CPU.Build.0 = Debug|Any CPU
		{388C3BDC-CE36-4746-9A1D-B30155CDFF25}.Release|Any CPU.ActiveCfg = Release|Any CPU
		{388C3BDC-CE36-4746-9A1D-B30155CDFF25}.Release|Any CPU.Build.0 = Release|Any CPU
		{32019287-2DCC-4DD8-83F6-932D7053392C}.Debug|Any CPU.ActiveCfg = Debug|Any CPU
		{32019287-2DCC-4DD8-83F6-932D7053392C}.Debug|Any CPU.Build.0 = Debug|Any CPU
		{32019287-2DCC-4DD8-83F6-932D7053392C}.Release|Any CPU.ActiveCfg = Release|Any CPU
		{32019287-2DCC-4DD8-83F6-932D7053392C}.Release|Any CPU.Build.0 = Release|Any CPU
		{1748954F-6137-49F3-B3BB-08FCCB62AAE8}.Debug|Any CPU.ActiveCfg = Debug|Any CPU
		{1748954F-6137-49F3-B3BB-08FCCB62AAE8}.Debug|Any CPU.Build.0 = Debug|Any CPU
		{1748954F-6137-49F3-B3BB-08FCCB62AAE8}.Release|Any CPU.ActiveCfg = Release|Any CPU
		{1748954F-6137-49F3-B3BB-08FCCB62AAE8}.Release|Any CPU.Build.0 = Release|Any CPU
		{90CE29EF-F650-4CBF-AC1F-FC052E0B78FF}.Debug|Any CPU.ActiveCfg = Debug|Any CPU
		{90CE29EF-F650-4CBF-AC1F-FC052E0B78FF}.Debug|Any CPU.Build.0 = Debug|Any CPU
		{90CE29EF-F650-4CBF-AC1F-FC052E0B78FF}.Release|Any CPU.ActiveCfg = Release|Any CPU
		{90CE29EF-F650-4CBF-AC1F-FC052E0B78FF}.Release|Any CPU.Build.0 = Release|Any CPU
	EndGlobalSection
	GlobalSection(SolutionProperties) = preSolution
		HideSolutionNode = FALSE
	EndGlobalSection
	GlobalSection(NestedProjects) = preSolution
		{70C9309D-9AA9-4129-844F-7775A3153F3D} = {51D47F81-2ADA-4050-A7BD-87397976AA97}
		{B90AD2FF-81DA-4465-84F6-B6FCCCBC1F12} = {2F8EFA93-5386-4FB1-9C12-DF44ACD08E74}
		{C4F66C69-8B9C-436A-B910-1ED4B0712BFF} = {2F8EFA93-5386-4FB1-9C12-DF44ACD08E74}
		{06883205-4374-4B5C-BED2-BCFCC42BE1A9} = {F7623AA8-7FB3-4EBD-92AC-1EE600E03DB4}
		{0D08088E-0C31-45C2-B5BC-8F771F69EC69} = {F7623AA8-7FB3-4EBD-92AC-1EE600E03DB4}
		{521EFEA5-7B26-44C3-B43B-FE811FF76EC8} = {F7623AA8-7FB3-4EBD-92AC-1EE600E03DB4}
		{12392A11-B35E-4C67-95BA-4392DFDF1BF6} = {1FE098B5-C377-40E3-9039-2A27E67BA561}
		{3579D09B-1EF9-4474-B350-5B0D0A711D6D} = {1FE098B5-C377-40E3-9039-2A27E67BA561}
		{EC9BCC24-2300-48F1-8F4D-85FC86FEABCC} = {B20537F3-5911-4586-94C9-90857F1F0919}
		{4E9F83FB-4BFE-428E-AAFD-97EDE41AF628} = {1232E179-9207-4CB2-81B1-6447A167C7A1}
		{00E01D5C-C68D-4E8D-B5E2-59840B32E5E7} = {1232E179-9207-4CB2-81B1-6447A167C7A1}
		{269D5F8C-4B87-4A12-B6B5-13D658CBC99E} = {1232E179-9207-4CB2-81B1-6447A167C7A1}
		{6F0049BF-BE0D-4A52-BC1A-241550D856C2} = {DC2BA726-FC3F-4097-AFED-CEB7E9BD46BB}
		{7BD65452-177F-4014-BCDD-E606504E9E44} = {DC2BA726-FC3F-4097-AFED-CEB7E9BD46BB}
		{0F93FE67-3126-4F2E-B88C-4AE0E42E75C9} = {DC2BA726-FC3F-4097-AFED-CEB7E9BD46BB}
		{4FF104B0-F7B6-4D1C-831A-8EEE2E2E9D98} = {DC2BA726-FC3F-4097-AFED-CEB7E9BD46BB}
		{B7A93E8B-3845-49C4-BEFE-A68CF631969A} = {15EDC910-3C20-4B0F-9FDC-32A8F0F4C5D2}
		{388C3BDC-CE36-4746-9A1D-B30155CDFF25} = {15EDC910-3C20-4B0F-9FDC-32A8F0F4C5D2}
		{32019287-2DCC-4DD8-83F6-932D7053392C} = {1B82E063-78E4-4C62-86D8-6E512C5DD86E}
		{1748954F-6137-49F3-B3BB-08FCCB62AAE8} = {1B82E063-78E4-4C62-86D8-6E512C5DD86E}
		{90CE29EF-F650-4CBF-AC1F-FC052E0B78FF} = {C4BF44AD-BEB3-49F1-A3DC-31D83E82AA09}
	EndGlobalSection
	GlobalSection(ExtensibilityGlobals) = postSolution
		SolutionGuid = {8F3B5E77-4EB2-4468-BCE4-7B4DD3D7BA09}
	EndGlobalSection
EndGlobal
